{
  "nodes": {
    "home-manager": {
      "inputs": {
        "nixpkgs": [
          "nixpkgs"
        ]
      },
      "locked": {
        "lastModified": 1652167840,
        "narHash": "sha256-Qx//y33FkhUun+en60SakO9iQPPLu18fUpr3kKTkif8=",
        "owner": "nix-community",
        "repo": "home-manager",
        "rev": "4293902b64990d43847fe90e50ef7908f7dc1e30",
        "type": "github"
      },
      "original": {
        "owner": "nix-community",
        "repo": "home-manager",
        "type": "github"
      }
    },
    "nixpkgs": {
      "locked": {
        "lastModified": 1652020977,
        "narHash": "sha256-9hDlNbrxzD/pLlXmoQ6gzxbYiSAKrj7uHYUWNByLFlI=",
        "owner": "NixOS",
        "repo": "nixpkgs",
        "rev": "3c5ae9be1f18c790ea890ef8decbd0946c0b4c04",
        "type": "github"
      },
      "original": {
        "id": "nixpkgs",
        "ref": "nixos-21.11",
        "type": "indirect"
      }
    },
    "nixpkgs-unstable": {
      "locked": {
        "lastModified": 1651558728,
        "narHash": "sha256-8HzyRnWlgZluUrVFNOfZAOlA1fghpOSezXvxhalGMUo=",
        "owner": "NixOS",
        "repo": "nixpkgs",
        "rev": "cbe587c735b734405f56803e267820ee1559e6c1",
        "type": "github"
      },
      "original": {
        "id": "nixpkgs",
        "ref": "nixos-unstable",
        "type": "indirect"
      }
    },
    "root": {
      "inputs": {
        "home-manager": "home-manager",
        "nixpkgs": "nixpkgs",
        "nixpkgs-unstable": "nixpkgs-unstable"
      }
    }
  },
  "root": "root",
  "version": 7
}
